
Microsoft Visual Studio Solution File, Format Version 12.00
# Visual Studio Version 17
VisualStudioVersion = 17.8.34330.188
MinimumVisualStudioVersion = 10.0.40219.1
Project("{888888A0-9F3D-457C-B088-3A5042F75D52}") = "PythonApplication12", "PythonApplication12\PythonApplication12.pyproj", "{747B2CCC-6805-4CC5-B72D-DE564A174D83}"
EndProject
Global
	GlobalSection(SolutionConfigurationPlatforms) = preSolution
		Debug|Any CPU = Debug|Any CPU
		Release|Any CPU = Release|Any CPU
	EndGlobalSection
	GlobalSection(ProjectConfigurationPlatforms) = postSolution
		{747B2CCC-6805-4CC5-B72D-DE564A174D83}.Debug|Any CPU.ActiveCfg = Debug|Any CPU
		{747B2CCC-6805-4CC5-B72D-DE564A174D83}.Release|Any CPU.ActiveCfg = Release|Any CPU
	EndGlobalSection
	GlobalSection(SolutionProperties) = preSolution
		HideSolutionNode = FALSE
	EndGlobalSection
	GlobalSection(ExtensibilityGlobals) = postSolution
		SolutionGuid = {DEFDA040-F17B-439C-AB3C-3C3522F9D8AF}
	EndGlobalSection
EndGlobal
