
Microsoft Visual Studio Solution File, Format Version 12.00
# Visual Studio Version 17
VisualStudioVersion = 17.8.34330.188
MinimumVisualStudioVersion = 10.0.40219.1
Project("{888888A0-9F3D-457C-B088-3A5042F75D52}") = "PythonApplication2", "PythonApplication2\PythonApplication2.pyproj", "{FD5D1C7D-5A8B-4866-9A06-9DD717EB0458}"
EndProject
Global
	GlobalSection(SolutionConfigurationPlatforms) = preSolution
		Debug|Any CPU = Debug|Any CPU
		Release|Any CPU = Release|Any CPU
	EndGlobalSection
	GlobalSection(ProjectConfigurationPlatforms) = postSolution
		{FD5D1C7D-5A8B-4866-9A06-9DD717EB0458}.Debug|Any CPU.ActiveCfg = Debug|Any CPU
		{FD5D1C7D-5A8B-4866-9A06-9DD717EB0458}.Release|Any CPU.ActiveCfg = Release|Any CPU
	EndGlobalSection
	GlobalSection(SolutionProperties) = preSolution
		HideSolutionNode = FALSE
	EndGlobalSection
	GlobalSection(ExtensibilityGlobals) = postSolution
		SolutionGuid = {418C9391-4C6F-41ED-BBD7-10F8C4678BCD}
	EndGlobalSection
EndGlobal
