
Microsoft Visual Studio Solution File, Format Version 12.00
# Visual Studio Version 17
VisualStudioVersion = 17.8.34330.188
MinimumVisualStudioVersion = 10.0.40219.1
Project("{888888A0-9F3D-457C-B088-3A5042F75D52}") = "PythonApplication6", "PythonApplication6\PythonApplication6.pyproj", "{0AEE4B7E-0F81-41D8-9D6F-31B608219BFD}"
EndProject
Global
	GlobalSection(SolutionConfigurationPlatforms) = preSolution
		Debug|Any CPU = Debug|Any CPU
		Release|Any CPU = Release|Any CPU
	EndGlobalSection
	GlobalSection(ProjectConfigurationPlatforms) = postSolution
		{0AEE4B7E-0F81-41D8-9D6F-31B608219BFD}.Debug|Any CPU.ActiveCfg = Debug|Any CPU
		{0AEE4B7E-0F81-41D8-9D6F-31B608219BFD}.Release|Any CPU.ActiveCfg = Release|Any CPU
	EndGlobalSection
	GlobalSection(SolutionProperties) = preSolution
		HideSolutionNode = FALSE
	EndGlobalSection
	GlobalSection(ExtensibilityGlobals) = postSolution
		SolutionGuid = {CF847AFC-6DCC-496C-908C-A497145E4991}
	EndGlobalSection
EndGlobal
