
Microsoft Visual Studio Solution File, Format Version 12.00
# Visual Studio Version 17
VisualStudioVersion = 17.8.34330.188
MinimumVisualStudioVersion = 10.0.40219.1
Project("{888888A0-9F3D-457C-B088-3A5042F75D52}") = "PythonApplication6", "PythonApplication6\PythonApplication6.pyproj", "{42A5CE80-0F12-4623-ACC0-0B2B0C5F01E2}"
EndProject
Global
	GlobalSection(SolutionConfigurationPlatforms) = preSolution
		Debug|Any CPU = Debug|Any CPU
		Release|Any CPU = Release|Any CPU
	EndGlobalSection
	GlobalSection(ProjectConfigurationPlatforms) = postSolution
		{42A5CE80-0F12-4623-ACC0-0B2B0C5F01E2}.Debug|Any CPU.ActiveCfg = Debug|Any CPU
		{42A5CE80-0F12-4623-ACC0-0B2B0C5F01E2}.Release|Any CPU.ActiveCfg = Release|Any CPU
	EndGlobalSection
	GlobalSection(SolutionProperties) = preSolution
		HideSolutionNode = FALSE
	EndGlobalSection
	GlobalSection(ExtensibilityGlobals) = postSolution
		SolutionGuid = {89038B6E-DB4D-41BA-9EBC-627D66CCA0F4}
	EndGlobalSection
EndGlobal
