
Microsoft Visual Studio Solution File, Format Version 12.00
# Visual Studio Version 17
VisualStudioVersion = 17.8.34330.188
MinimumVisualStudioVersion = 10.0.40219.1
Project("{888888A0-9F3D-457C-B088-3A5042F75D52}") = "problem 5", "problem 5\problem 5.pyproj", "{5B80D7E6-8831-4835-9CF4-639FFF5F66AF}"
EndProject
Global
	GlobalSection(SolutionConfigurationPlatforms) = preSolution
		Debug|Any CPU = Debug|Any CPU
		Release|Any CPU = Release|Any CPU
	EndGlobalSection
	GlobalSection(ProjectConfigurationPlatforms) = postSolution
		{5B80D7E6-8831-4835-9CF4-639FFF5F66AF}.Debug|Any CPU.ActiveCfg = Debug|Any CPU
		{5B80D7E6-8831-4835-9CF4-639FFF5F66AF}.Release|Any CPU.ActiveCfg = Release|Any CPU
	EndGlobalSection
	GlobalSection(SolutionProperties) = preSolution
		HideSolutionNode = FALSE
	EndGlobalSection
	GlobalSection(ExtensibilityGlobals) = postSolution
		SolutionGuid = {70FFFACA-3933-4883-8343-D8BC697292EB}
	EndGlobalSection
EndGlobal
